// !$*UTF8*$!
{
	archiveVersion = 1;
	classes = {
	};
	objectVersion = 46;
	objects = {

/* Begin PBXBuildFile section */
		6F0380C11EB7BC83009AEB9F /* Meme.swift in Sources */ = {isa = PBXBuildFile; fileRef = 6F0380C01EB7BC83009AEB9F /* Meme.swift */; };
		6F5CBB321EB74A0C002816A2 /* AppDelegate.swift in Sources */ = {isa = PBXBuildFile; fileRef = 6F5CBB311EB74A0C002816A2 /* AppDelegate.swift */; };
		6F5CBB341EB74A0C002816A2 /* MemeEditorViewController.swift in Sources */ = {isa = PBXBuildFile; fileRef = 6F5CBB331EB74A0C002816A2 /* MemeEditorViewController.swift */; };
		6F5CBB371EB74A0C002816A2 /* Main.storyboard in Resources */ = {isa = PBXBuildFile; fileRef = 6F5CBB351EB74A0C002816A2 /* Main.storyboard */; };
		6F5CBB391EB74A0C002816A2 /* Assets.xcassets in Resources */ = {isa = PBXBuildFile; fileRef = 6F5CBB381EB74A0C002816A2 /* Assets.xcassets */; };
		6F5CBB3C1EB74A0C002816A2 /* LaunchScreen.storyboard in Resources */ = {isa = PBXBuildFile; fileRef = 6F5CBB3A1EB74A0C002816A2 /* LaunchScreen.storyboard */; };
		6FD5037B1EC4CBFE009FB122 /* ViewControllerExtensions.swift in Sources */ = {isa = PBXBuildFile; fileRef = 6FD5037A1EC4CBFE009FB122 /* ViewControllerExtensions.swift */; };
		6FF164671EDB262E0064CCD6 /* Impact.ttf in Resources */ = {isa = PBXBuildFile; fileRef = 6FF164661EDB262E0064CCD6 /* Impact.ttf */; };
/* End PBXBuildFile section */

/* Begin PBXFileReference section */
		6F0380C01EB7BC83009AEB9F /* Meme.swift */ = {isa = PBXFileReference; fileEncoding = 4; lastKnownFileType = sourcecode.swift; path = Meme.swift; sourceTree = "<group>"; };
		6F5CBB2E1EB74A0C002816A2 /* MemeMe.app */ = {isa = PBXFileReference; explicitFileType = wrapper.application; includeInIndex = 0; path = MemeMe.app; sourceTree = BUILT_PRODUCTS_DIR; };
		6F5CBB311EB74A0C002816A2 /* AppDelegate.swift */ = {isa = PBXFileReference; lastKnownFileType = sourcecode.swift; path = AppDelegate.swift; sourceTree = "<group>"; };
		6F5CBB331EB74A0C002816A2 /* MemeEditorViewController.swift */ = {isa = PBXFileReference; lastKnownFileType = sourcecode.swift; path = MemeEditorViewController.swift; sourceTree = "<group>"; };
		6F5CBB361EB74A0C002816A2 /* Base */ = {isa = PBXFileReference; lastKnownFileType = file.storyboard; name = Base; path = Base.lproj/Main.storyboard; sourceTree = "<group>"; };
		6F5CBB381EB74A0C002816A2 /* Assets.xcassets */ = {isa = PBXFileReference; lastKnownFileType = folder.assetcatalog; path = Assets.xcassets; sourceTree = "<group>"; };
		6F5CBB3B1EB74A0C002816A2 /* Base */ = {isa = PBXFileReference; lastKnownFileType = file.storyboard; name = Base; path = Base.lproj/LaunchScreen.storyboard; sourceTree = "<group>"; };
		6F5CBB3D1EB74A0C002816A2 /* Info.plist */ = {isa = PBXFileReference; lastKnownFileType = text.plist.xml; path = Info.plist; sourceTree = "<group>"; };
		6FD5037A1EC4CBFE009FB122 /* ViewControllerExtensions.swift */ = {isa = PBXFileReference; fileEncoding = 4; lastKnownFileType = sourcecode.swift; path = ViewControllerExtensions.swift; sourceTree = "<group>"; };
		6FF164661EDB262E0064CCD6 /* Impact.ttf */ = {isa = PBXFileReference; lastKnownFileType = file; path = Impact.ttf; sourceTree = "<group>"; };
/* End PBXFileReference section */

/* Begin PBXFrameworksBuildPhase section */
		6F5CBB2B1EB74A0C002816A2 /* Frameworks */ = {
			isa = PBXFrameworksBuildPhase;
			buildActionMask = 2147483647;
			files = (
			);
			runOnlyForDeploymentPostprocessing = 0;
		};
/* End PBXFrameworksBuildPhase section */

/* Begin PBXGroup section */
		6F5CBB251EB74A0C002816A2 = {
			isa = PBXGroup;
			children = (
				6F5CBB301EB74A0C002816A2 /* MemeMe */,
				6F5CBB2F1EB74A0C002816A2 /* Products */,
			);
			sourceTree = "<group>";
		};
		6F5CBB2F1EB74A0C002816A2 /* Products */ = {
			isa = PBXGroup;
			children = (
				6F5CBB2E1EB74A0C002816A2 /* MemeMe.app */,
			);
			name = Products;
			sourceTree = "<group>";
		};
		6F5CBB301EB74A0C002816A2 /* MemeMe */ = {
			isa = PBXGroup;
			children = (
				6F5CBB311EB74A0C002816A2 /* AppDelegate.swift */,
				6F5CBB331EB74A0C002816A2 /* MemeEditorViewController.swift */,
				6F5CBB351EB74A0C002816A2 /* Main.storyboard */,
				6F5CBB381EB74A0C002816A2 /* Assets.xcassets */,
				6F5CBB3A1EB74A0C002816A2 /* LaunchScreen.storyboard */,
				6F5CBB3D1EB74A0C002816A2 /* Info.plist */,
				6FF164661EDB262E0064CCD6 /* Impact.ttf */,
				6F0380C01EB7BC83009AEB9F /* Meme.swift */,
				6FD5037A1EC4CBFE009FB122 /* ViewControllerExtensions.swift */,
			);
			path = MemeMe;
			sourceTree = "<group>";
		};
/* End PBXGroup section */

/* Begin PBXNativeTarget section */
		6F5CBB2D1EB74A0C002816A2 /* MemeMe */ = {
			isa = PBXNativeTarget;
			buildConfigurationList = 6F5CBB401EB74A0C002816A2 /* Build configuration list for PBXNativeTarget "MemeMe" */;
			buildPhases = (
				6F5CBB2A1EB74A0C002816A2 /* Sources */,
				6F5CBB2B1EB74A0C002816A2 /* Frameworks */,
				6F5CBB2C1EB74A0C002816A2 /* Resources */,
			);
			buildRules = (
			);
			dependencies = (
			);
			name = MemeMe;
			productName = MemeMe;
			productReference = 6F5CBB2E1EB74A0C002816A2 /* MemeMe.app */;
			productType = "com.apple.product-type.application";
		};
/* End PBXNativeTarget section */

/* Begin PBXProject section */
		6F5CBB261EB74A0C002816A2 /* Project object */ = {
			isa = PBXProject;
			attributes = {
				LastSwiftUpdateCheck = 0830;
				LastUpgradeCheck = 0830;
				ORGANIZATIONNAME = "Petra Donka";
				TargetAttributes = {
					6F5CBB2D1EB74A0C002816A2 = {
						CreatedOnToolsVersion = 8.3.2;
						DevelopmentTeam = 5TPXC7NZXH;
						ProvisioningStyle = Automatic;
					};
				};
			};
			buildConfigurationList = 6F5CBB291EB74A0C002816A2 /* Build configuration list for PBXProject "MemeMe" */;
			compatibilityVersion = "Xcode 3.2";
			developmentRegion = English;
			hasScannedForEncodings = 0;
			knownRegions = (
				en,
				Base,
			);
			mainGroup = 6F5CBB251EB74A0C002816A2;
			productRefGroup = 6F5CBB2F1EB74A0C002816A2 /* Products */;
			projectDirPath = "";
			projectRoot = "";
			targets = (
				6F5CBB2D1EB74A0C002816A2 /* MemeMe */,
			);
		};
/* End PBXProject section */

/* Begin PBXResourcesBuildPhase section */
		6F5CBB2C1EB74A0C002816A2 /* Resources */ = {
			isa = PBXResourcesBuildPhase;
			buildActionMask = 2147483647;
			files = (
				6FF164671EDB262E0064CCD6 /* Impact.ttf in Resources */,
				6F5CBB3C1EB74A0C002816A2 /* LaunchScreen.storyboard in Resources */,
				6F5CBB391EB74A0C002816A2 /* Assets.xcassets in Resources */,
				6F5CBB371EB74A0C002816A2 /* Main.storyboard in Resources */,
			);
			runOnlyForDeploymentPostprocessing = 0;
		};
/* End PBXResourcesBuildPhase section */

/* Begin PBXSourcesBuildPhase section */
		6F5CBB2A1EB74A0C002816A2 /* Sources */ = {
			isa = PBXSourcesBuildPhase;
			buildActionMask = 2147483647;
			files = (
				6F0380C11EB7BC83009AEB9F /* Meme.swift in Sources */,
				6F5CBB341EB74A0C002816A2 /* MemeEditorViewController.swift in Sources */,
				6F5CBB321EB74A0C002816A2 /* AppDelegate.swift in Sources */,
				6FD5037B1EC4CBFE009FB122 /* ViewControllerExtensions.swift in Sources */,
			);
			runOnlyForDeploymentPostprocessing = 0;
		};
/* End PBXSourcesBuildPhase section */

/* Begin PBXVariantGroup section */
		6F5CBB351EB74A0C002816A2 /* Main.storyboard */ = {
			isa = PBXVariantGroup;
			children = (
				6F5CBB361EB74A0C002816A2 /* Base */,
			);
			name = Main.storyboard;
			sourceTree = "<group>";
		};
		6F5CBB3A1EB74A0C002816A2 /* LaunchScreen.storyboard */ = {
			isa = PBXVariantGroup;
			children = (
				6F5CBB3B1EB74A0C002816A2 /* Base */,
			);
			name = LaunchScreen.storyboard;
			sourceTree = "<group>";
		};
/* End PBXVariantGroup section */

/* Begin XCBuildConfiguration section */
		6F5CBB3E1EB74A0C002816A2 /* Debug */ = {
			isa = XCBuildConfiguration;
			buildSettings = {
				ALWAYS_SEARCH_USER_PATHS = NO;
				CLANG_ANALYZER_NONNULL = YES;
				CLANG_ANALYZER_NUMBER_OBJECT_CONVERSION = YES_AGGRESSIVE;
				CLANG_CXX_LANGUAGE_STANDARD = "gnu++0x";
				CLANG_CXX_LIBRARY = "libc++";
				CLANG_ENABLE_MODULES = YES;
				CLANG_ENABLE_OBJC_ARC = YES;
				CLANG_WARN_BOOL_CONVERSION = YES;
				CLANG_WARN_CONSTANT_CONVERSION = YES;
				CLANG_WARN_DIRECT_OBJC_ISA_USAGE = YES_ERROR;
				CLANG_WARN_DOCUMENTATION_COMMENTS = YES;
				CLANG_WARN_EMPTY_BODY = YES;
				CLANG_WARN_ENUM_CONVERSION = YES;
				CLANG_WARN_INFINITE_RECURSION = YES;
				CLANG_WARN_INT_CONVERSION = YES;
				CLANG_WARN_OBJC_ROOT_CLASS = YES_ERROR;
				CLANG_WARN_SUSPICIOUS_MOVE = YES;
				CLANG_WARN_UNREACHABLE_CODE = YES;
				CLANG_WARN__DUPLICATE_METHOD_MATCH = YES;
				"CODE_SIGN_IDENTITY[sdk=iphoneos*]" = "iPhone Developer";
				COPY_PHASE_STRIP = NO;
				DEBUG_INFORMATION_FORMAT = dwarf;
				ENABLE_STRICT_OBJC_MSGSEND = YES;
				ENABLE_TESTABILITY = YES;
				GCC_C_LANGUAGE_STANDARD = gnu99;
				GCC_DYNAMIC_NO_PIC = NO;
				GCC_NO_COMMON_BLOCKS = YES;
				GCC_OPTIMIZATION_LEVEL = 0;
				GCC_PREPROCESSOR_DEFINITIONS = (
					"DEBUG=1",
					"$(inherited)",
				);
				GCC_WARN_64_TO_32_BIT_CONVERSION = YES;
				GCC_WARN_ABOUT_RETURN_TYPE = YES_ERROR;
				GCC_WARN_UNDECLARED_SELECTOR = YES;
				GCC_WARN_UNINITIALIZED_AUTOS = YES_AGGRESSIVE;
				GCC_WARN_UNUSED_FUNCTION = YES;
				GCC_WARN_UNUSED_VARIABLE = YES;
				IPHONEOS_DEPLOYMENT_TARGET = 10.3;
				MTL_ENABLE_DEBUG_INFO = YES;
				ONLY_ACTIVE_ARCH = YES;
				SDKROOT = iphoneos;
				SWIFT_ACTIVE_COMPILATION_CONDITIONS = DEBUG;
				SWIFT_OPTIMIZATION_LEVEL = "-Onone";
				TARGETED_DEVICE_FAMILY = "1,2";
			};
			name = Debug;
		};
		6F5CBB3F1EB74A0C002816A2 /* Release */ = {
			isa = XCBuildConfiguration;
			buildSettings = {
				ALWAYS_SEARCH_USER_PATHS = NO;
				CLANG_ANALYZER_NONNULL = YES;
				CLANG_ANALYZER_NUMBER_OBJECT_CONVERSION = YES_AGGRESSIVE;
				CLANG_CXX_LANGUAGE_STANDARD = "gnu++0x";
				CLANG_CXX_LIBRARY = "libc++";
				CLANG_ENABLE_MODULES = YES;
				CLANG_ENABLE_OBJC_ARC = YES;
				CLANG_WARN_BOOL_CONVERSION = YES;
				CLANG_WARN_CONSTANT_CONVERSION = YES;
				CLANG_WARN_DIRECT_OBJC_ISA_USAGE = YES_ERROR;
				CLANG_WARN_DOCUMENTATION_COMMENTS = YES;
				CLANG_WARN_EMPTY_BODY = YES;
				CLANG_WARN_ENUM_CONVERSION = YES;
				CLANG_WARN_INFINITE_RECURSION = YES;
				CLANG_WARN_INT_CONVERSION = YES;
				CLANG_WARN_OBJC_ROOT_CLASS = YES_ERROR;
				CLANG_WARN_SUSPICIOUS_MOVE = YES;
				CLANG_WARN_UNREACHABLE_CODE = YES;
				CLANG_WARN__DUPLICATE_METHOD_MATCH = YES;
				"CODE_SIGN_IDENTITY[sdk=iphoneos*]" = "iPhone Developer";
				COPY_PHASE_STRIP = NO;
				DEBUG_INFORMATION_FORMAT = "dwarf-with-dsym";
				ENABLE_NS_ASSERTIONS = NO;
				ENABLE_STRICT_OBJC_MSGSEND = YES;
				GCC_C_LANGUAGE_STANDARD = gnu99;
				GCC_NO_COMMON_BLOCKS = YES;
				GCC_WARN_64_TO_32_BIT_CONVERSION = YES;
				GCC_WARN_ABOUT_RETURN_TYPE = YES_ERROR;
				GCC_WARN_UNDECLARED_SELECTOR = YES;
				GCC_WARN_UNINITIALIZED_AUTOS = YES_AGGRESSIVE;
				GCC_WARN_UNUSED_FUNCTION = YES;
				GCC_WARN_UNUSED_VARIABLE = YES;
				IPHONEOS_DEPLOYMENT_TARGET = 10.3;
				MTL_ENABLE_DEBUG_INFO = NO;
				SDKROOT = iphoneos;
				SWIFT_OPTIMIZATION_LEVEL = "-Owholemodule";
				TARGETED_DEVICE_FAMILY = "1,2";
				VALIDATE_PRODUCT = YES;
			};
			name = Release;
		};
		6F5CBB411EB74A0C002816A2 /* Debug */ = {
			isa = XCBuildConfiguration;
			buildSettings = {
				ASSETCATALOG_COMPILER_APPICON_NAME = AppIcon;
				DEVELOPMENT_TEAM = 5TPXC7NZXH;
				INFOPLIST_FILE = MemeMe/Info.plist;
				IPHONEOS_DEPLOYMENT_TARGET = 10.3;
				LD_RUNPATH_SEARCH_PATHS = "$(inherited) @executable_path/Frameworks";
				PRODUCT_BUNDLE_IDENTIFIER = com.petradonka.MemeMe;
				PRODUCT_NAME = "$(TARGET_NAME)";
				SWIFT_VERSION = 3.0;
			};
			name = Debug;
		};
		6F5CBB421EB74A0C002816A2 /* Release */ = {
			isa = XCBuildConfiguration;
			buildSettings = {
				ASSETCATALOG_COMPILER_APPICON_NAME = AppIcon;
				DEVELOPMENT_TEAM = 5TPXC7NZXH;
				INFOPLIST_FILE = MemeMe/Info.plist;
				IPHONEOS_DEPLOYMENT_TARGET = 10.3;
				LD_RUNPATH_SEARCH_PATHS = "$(inherited) @executable_path/Frameworks";
				PRODUCT_BUNDLE_IDENTIFIER = com.petradonka.MemeMe;
				PRODUCT_NAME = "$(TARGET_NAME)";
				SWIFT_VERSION = 3.0;
			};
			name = Release;
		};
/* End XCBuildConfiguration section */

/* Begin XCConfigurationList section */
		6F5CBB291EB74A0C002816A2 /* Build configuration list for PBXProject "MemeMe" */ = {
			isa = XCConfigurationList;
			buildConfigurations = (
				6F5CBB3E1EB74A0C002816A2 /* Debug */,
				6F5CBB3F1EB74A0C002816A2 /* Release */,
			);
			defaultConfigurationIsVisible = 0;
			defaultConfigurationName = Release;
		};
		6F5CBB401EB74A0C002816A2 /* Build configuration list for PBXNativeTarget "MemeMe" */ = {
			isa = XCConfigurationList;
			buildConfigurations = (
				6F5CBB411EB74A0C002816A2 /* Debug */,
				6F5CBB421EB74A0C002816A2 /* Release */,
			);
			defaultConfigurationIsVisible = 0;
			defaultConfigurationName = Release;
		};
/* End XCConfigurationList section */
	};
	rootObject = 6F5CBB261EB74A0C002816A2 /* Project object */;
}
